
Microsoft Visual Studio Solution File, Format Version 12.00
# Visual Studio Version 17
VisualStudioVersion = 17.1.32421.90
MinimumVisualStudioVersion = 10.0.40219.1
Project("{8BC9CEB8-8B4A-11D0-8D11-00A0C91BC942}") = "1.5Lab", "1.5Lab\1.5Lab.vcxproj", "{C5C9B283-117C-4787-8ABB-186A516C4BD1}"
EndProject
Project("{2150E333-8FDC-42A3-9474-1A3956D46DE8}") = "Solution Items", "Solution Items", "{1A0FAD0A-ED50-4C85-8561-EF0ABD003D6A}"
	ProjectSection(SolutionItems) = preProject
		1.5Lab\Processor.cpp = 1.5Lab\Processor.cpp
	EndProjectSection
EndProject
Project("{8BC9CEB8-8B4A-11D0-8D11-00A0C91BC942}") = "CalculatorUnitTest", "CalculatorUnitTest\CalculatorUnitTest.vcxproj", "{63682898-0CB8-4C7D-B174-9A405C6C4452}"
EndProject
Global
	GlobalSection(SolutionConfigurationPlatforms) = preSolution
		Debug|x64 = Debug|x64
		Debug|x86 = Debug|x86
		Release|x64 = Release|x64
		Release|x86 = Release|x86
	EndGlobalSection
	GlobalSection(ProjectConfigurationPlatforms) = postSolution
		{C5C9B283-117C-4787-8ABB-186A516C4BD1}.Debug|x64.ActiveCfg = Debug|x64
		{C5C9B283-117C-4787-8ABB-186A516C4BD1}.Debug|x64.Build.0 = Debug|x64
		{C5C9B283-117C-4787-8ABB-186A516C4BD1}.Debug|x86.ActiveCfg = Debug|Win32
		{C5C9B283-117C-4787-8ABB-186A516C4BD1}.Debug|x86.Build.0 = Debug|Win32
		{C5C9B283-117C-4787-8ABB-186A516C4BD1}.Release|x64.ActiveCfg = Release|x64
		{C5C9B283-117C-4787-8ABB-186A516C4BD1}.Release|x64.Build.0 = Release|x64
		{C5C9B283-117C-4787-8ABB-186A516C4BD1}.Release|x86.ActiveCfg = Release|Win32
		{C5C9B283-117C-4787-8ABB-186A516C4BD1}.Release|x86.Build.0 = Release|Win32
		{63682898-0CB8-4C7D-B174-9A405C6C4452}.Debug|x64.ActiveCfg = Debug|x64
		{63682898-0CB8-4C7D-B174-9A405C6C4452}.Debug|x64.Build.0 = Debug|x64
		{63682898-0CB8-4C7D-B174-9A405C6C4452}.Debug|x86.ActiveCfg = Debug|Win32
		{63682898-0CB8-4C7D-B174-9A405C6C4452}.Debug|x86.Build.0 = Debug|Win32
		{63682898-0CB8-4C7D-B174-9A405C6C4452}.Release|x64.ActiveCfg = Release|x64
		{63682898-0CB8-4C7D-B174-9A405C6C4452}.Release|x64.Build.0 = Release|x64
		{63682898-0CB8-4C7D-B174-9A405C6C4452}.Release|x86.ActiveCfg = Release|Win32
		{63682898-0CB8-4C7D-B174-9A405C6C4452}.Release|x86.Build.0 = Release|Win32
	EndGlobalSection
	GlobalSection(SolutionProperties) = preSolution
		HideSolutionNode = FALSE
	EndGlobalSection
	GlobalSection(ExtensibilityGlobals) = postSolution
		SolutionGuid = {7D0785C1-CF45-45F4-8CD1-E8B9048FE8A3}
	EndGlobalSection
EndGlobal
